{
    "_readme": [
        "This file locks the dependencies of your project to a known state",
        "Read more about it at https://getcomposer.org/doc/01-basic-usage.md#composer-lock-the-lock-file",
        "This file is @generated automatically"
    ],
    "content-hash": "3139b39298594fc121fb4d3dd1890abd",
    "packages": [
        {
            "name": "litert/core",
            "version": "0.1.0",
            "source": {
                "type": "git",
                "url": "https://github.com/litert/core.git",
                "reference": "5524f4861898676fe84037fefd3219b17627f0d8"
            },
            "dist": {
                "type": "zip",
                "url": "https://api.github.com/repos/litert/core/zipball/5524f4861898676fe84037fefd3219b17627f0d8",
                "reference": "5524f4861898676fe84037fefd3219b17627f0d8",
                "shasum": ""
            },
            "require": {
                "php": ">=7.0.0"
            },
            "type": "library",
            "extra": {
                "branch-alias": {
                    "dev-master": "0.1.x-dev"
                }
            },
            "autoload": {
                "psr-4": {
                    "L\\Core\\": "lib"
                },
                "files": [
                    "lib/lang_ext.php"
                ]
            },
            "notification-url": "https://packagist.org/downloads/",
            "license": [
                "Apache-2.0"
            ],
            "authors": [
                {
                    "name": "Angus.Fenying",
                    "email": "i.am.x.fenying@gmail.com",
                    "homepage": "https://fenying.net",
                    "role": "Master"
                }
            ],
            "description": "The core of LiteRT.",
            "homepage": "https://fenying.net",
            "keywords": [
                "control",
                "privilege"
            ],
            "time": "2017-08-20T08:21:48+00:00"
        }
    ],
    "packages-dev": [],
    "aliases": [],
    "minimum-stability": "stable",
    "stability-flags": [],
    "prefer-stable": false,
    "prefer-lowest": false,
    "platform": {
        "php": ">=7.0.0"
    },
    "platform-dev": []
}
